// !$*UTF8*$!
{
	archiveVersion = 1;
	classes = {
	};
	objectVersion = 46;
	objects = {

/* Begin PBXFileReference section */
		AE9F0DA21CB4410000B99947 /* main.py */ = {isa = PBXFileReference; fileEncoding = 4; lastKnownFileType = text.script.python; path = main.py; sourceTree = "<group>"; };
		AE9F0DA31CB5757000B99947 /* input.xml */ = {isa = PBXFileReference; fileEncoding = 4; lastKnownFileType = text.xml; path = input.xml; sourceTree = "<group>"; };
		AE9F0DA41CBC5D4100B99947 /* pure_scatter.xml */ = {isa = PBXFileReference; fileEncoding = 4; lastKnownFileType = text.xml; path = pure_scatter.xml; sourceTree = "<group>"; };
		AE9F0DA61CBC5E1300B99947 /* problem17_parta.xml */ = {isa = PBXFileReference; fileEncoding = 4; lastKnownFileType = text.xml; path = problem17_parta.xml; sourceTree = "<group>"; };
		AE9F0DA71CBC5E2400B99947 /* problem17_parta2.xml */ = {isa = PBXFileReference; fileEncoding = 4; lastKnownFileType = text.xml; path = problem17_parta2.xml; sourceTree = "<group>"; };
		AE9F0DA81CBC5E3600B99947 /* problem17_parta3.xml */ = {isa = PBXFileReference; fileEncoding = 4; lastKnownFileType = text.xml; path = problem17_parta3.xml; sourceTree = "<group>"; };
		AE9F0DA91CBC606400B99947 /* problem17_partb.xml */ = {isa = PBXFileReference; fileEncoding = 4; lastKnownFileType = text.xml; path = problem17_partb.xml; sourceTree = "<group>"; };
/* End PBXFileReference section */

/* Begin PBXGroup section */
		AE9F0D971CB440E500B99947 = {
			isa = PBXGroup;
			children = (
				AE9F0DA91CBC606400B99947 /* problem17_partb.xml */,
				AE9F0DA81CBC5E3600B99947 /* problem17_parta3.xml */,
				AE9F0DA71CBC5E2400B99947 /* problem17_parta2.xml */,
				AE9F0DA61CBC5E1300B99947 /* problem17_parta.xml */,
				AE9F0DA41CBC5D4100B99947 /* pure_scatter.xml */,
				AE9F0DA31CB5757000B99947 /* input.xml */,
				AE9F0DA21CB4410000B99947 /* main.py */,
			);
			sourceTree = "<group>";
		};
/* End PBXGroup section */

/* Begin PBXLegacyTarget section */
		AE9F0D9C1CB440E500B99947 /* Spherical Sn */ = {
			isa = PBXLegacyTarget;
			buildArgumentsString = "$(ACTION)";
			buildConfigurationList = AE9F0D9F1CB440E500B99947 /* Build configuration list for PBXLegacyTarget "Spherical Sn" */;
			buildPhases = (
			);
			buildToolPath = /usr/bin/python;
			dependencies = (
			);
			name = "Spherical Sn";
			passBuildSettingsInEnvironment = 1;
			productName = "Spherical Sn";
		};
/* End PBXLegacyTarget section */

/* Begin PBXProject section */
		AE9F0D981CB440E500B99947 /* Project object */ = {
			isa = PBXProject;
			attributes = {
				LastUpgradeCheck = 0720;
				ORGANIZATIONNAME = SkiBros;
				TargetAttributes = {
					AE9F0D9C1CB440E500B99947 = {
						CreatedOnToolsVersion = 7.2.1;
					};
				};
			};
			buildConfigurationList = AE9F0D9B1CB440E500B99947 /* Build configuration list for PBXProject "Spherical Sn" */;
			compatibilityVersion = "Xcode 3.2";
			developmentRegion = English;
			hasScannedForEncodings = 0;
			knownRegions = (
				en,
			);
			mainGroup = AE9F0D971CB440E500B99947;
			projectDirPath = "";
			projectRoot = "";
			targets = (
				AE9F0D9C1CB440E500B99947 /* Spherical Sn */,
			);
		};
/* End PBXProject section */

/* Begin XCBuildConfiguration section */
		AE9F0D9D1CB440E500B99947 /* Debug */ = {
			isa = XCBuildConfiguration;
			buildSettings = {
				ALWAYS_SEARCH_USER_PATHS = NO;
				CLANG_CXX_LANGUAGE_STANDARD = "gnu++0x";
				CLANG_CXX_LIBRARY = "libc++";
				CLANG_ENABLE_MODULES = YES;
				CLANG_ENABLE_OBJC_ARC = YES;
				CLANG_WARN_BOOL_CONVERSION = YES;
				CLANG_WARN_CONSTANT_CONVERSION = YES;
				CLANG_WARN_DIRECT_OBJC_ISA_USAGE = YES_ERROR;
				CLANG_WARN_EMPTY_BODY = YES;
				CLANG_WARN_ENUM_CONVERSION = YES;
				CLANG_WARN_INT_CONVERSION = YES;
				CLANG_WARN_OBJC_ROOT_CLASS = YES_ERROR;
				CLANG_WARN_UNREACHABLE_CODE = YES;
				CLANG_WARN__DUPLICATE_METHOD_MATCH = YES;
				COPY_PHASE_STRIP = NO;
				DEBUG_INFORMATION_FORMAT = dwarf;
				ENABLE_STRICT_OBJC_MSGSEND = YES;
				ENABLE_TESTABILITY = YES;
				GCC_C_LANGUAGE_STANDARD = gnu99;
				GCC_DYNAMIC_NO_PIC = NO;
				GCC_NO_COMMON_BLOCKS = YES;
				GCC_OPTIMIZATION_LEVEL = 0;
				GCC_PREPROCESSOR_DEFINITIONS = (
					"DEBUG=1",
					"$(inherited)",
				);
				GCC_WARN_64_TO_32_BIT_CONVERSION = YES;
				GCC_WARN_ABOUT_RETURN_TYPE = YES_ERROR;
				GCC_WARN_UNDECLARED_SELECTOR = YES;
				GCC_WARN_UNINITIALIZED_AUTOS = YES_AGGRESSIVE;
				GCC_WARN_UNUSED_FUNCTION = YES;
				GCC_WARN_UNUSED_VARIABLE = YES;
				MTL_ENABLE_DEBUG_INFO = YES;
				ONLY_ACTIVE_ARCH = YES;
			};
			name = Debug;
		};
		AE9F0D9E1CB440E500B99947 /* Release */ = {
			isa = XCBuildConfiguration;
			buildSettings = {
				ALWAYS_SEARCH_USER_PATHS = NO;
				CLANG_CXX_LANGUAGE_STANDARD = "gnu++0x";
				CLANG_CXX_LIBRARY = "libc++";
				CLANG_ENABLE_MODULES = YES;
				CLANG_ENABLE_OBJC_ARC = YES;
				CLANG_WARN_BOOL_CONVERSION = YES;
				CLANG_WARN_CONSTANT_CONVERSION = YES;
				CLANG_WARN_DIRECT_OBJC_ISA_USAGE = YES_ERROR;
				CLANG_WARN_EMPTY_BODY = YES;
				CLANG_WARN_ENUM_CONVERSION = YES;
				CLANG_WARN_INT_CONVERSION = YES;
				CLANG_WARN_OBJC_ROOT_CLASS = YES_ERROR;
				CLANG_WARN_UNREACHABLE_CODE = YES;
				CLANG_WARN__DUPLICATE_METHOD_MATCH = YES;
				COPY_PHASE_STRIP = NO;
				DEBUG_INFORMATION_FORMAT = "dwarf-with-dsym";
				ENABLE_NS_ASSERTIONS = NO;
				ENABLE_STRICT_OBJC_MSGSEND = YES;
				GCC_C_LANGUAGE_STANDARD = gnu99;
				GCC_NO_COMMON_BLOCKS = YES;
				GCC_WARN_64_TO_32_BIT_CONVERSION = YES;
				GCC_WARN_ABOUT_RETURN_TYPE = YES_ERROR;
				GCC_WARN_UNDECLARED_SELECTOR = YES;
				GCC_WARN_UNINITIALIZED_AUTOS = YES_AGGRESSIVE;
				GCC_WARN_UNUSED_FUNCTION = YES;
				GCC_WARN_UNUSED_VARIABLE = YES;
				MTL_ENABLE_DEBUG_INFO = NO;
			};
			name = Release;
		};
		AE9F0DA01CB440E500B99947 /* Debug */ = {
			isa = XCBuildConfiguration;
			buildSettings = {
				DEBUGGING_SYMBOLS = YES;
				DEBUG_INFORMATION_FORMAT = dwarf;
				GCC_GENERATE_DEBUGGING_SYMBOLS = YES;
				GCC_OPTIMIZATION_LEVEL = 0;
				OTHER_CFLAGS = "";
				OTHER_LDFLAGS = "";
				PRODUCT_NAME = "$(TARGET_NAME)";
			};
			name = Debug;
		};
		AE9F0DA11CB440E500B99947 /* Release */ = {
			isa = XCBuildConfiguration;
			buildSettings = {
				DEBUG_INFORMATION_FORMAT = "dwarf-with-dsym";
				OTHER_CFLAGS = "";
				OTHER_LDFLAGS = "";
				PRODUCT_NAME = "$(TARGET_NAME)";
			};
			name = Release;
		};
/* End XCBuildConfiguration section */

/* Begin XCConfigurationList section */
		AE9F0D9B1CB440E500B99947 /* Build configuration list for PBXProject "Spherical Sn" */ = {
			isa = XCConfigurationList;
			buildConfigurations = (
				AE9F0D9D1CB440E500B99947 /* Debug */,
				AE9F0D9E1CB440E500B99947 /* Release */,
			);
			defaultConfigurationIsVisible = 0;
			defaultConfigurationName = Release;
		};
		AE9F0D9F1CB440E500B99947 /* Build configuration list for PBXLegacyTarget "Spherical Sn" */ = {
			isa = XCConfigurationList;
			buildConfigurations = (
				AE9F0DA01CB440E500B99947 /* Debug */,
				AE9F0DA11CB440E500B99947 /* Release */,
			);
			defaultConfigurationIsVisible = 0;
		};
/* End XCConfigurationList section */
	};
	rootObject = AE9F0D981CB440E500B99947 /* Project object */;
}
